
Microsoft Visual Studio Solution File, Format Version 12.00
# Visual Studio 2013
VisualStudioVersion = 12.0.31101.0
MinimumVisualStudioVersion = 10.0.40219.1
Project("{FAE04EC0-301F-11D3-BF4B-00C04F79EFBC}") = "Amqp.Net", "..\amqpnetlite\src\Amqp.Net.csproj", "{92153715-1D99-43B1-B291-470CF91A156D}"
EndProject
Project("{FAE04EC0-301F-11D3-BF4B-00C04F79EFBC}") = "AzureSBLite.Net", "..\azuresblite\AzureSBLite\AzureSBLite.Net.csproj", "{64D163D1-E433-4B60-9A43-FCFC2E92AD50}"
EndProject
Project("{FAE04EC0-301F-11D3-BF4B-00C04F79EFBC}") = "Amqp.NetCF39", "..\amqpnetlite\src\Amqp.NetCF39.csproj", "{994D25B3-A2C4-4A27-A0E8-3203E954BF58}"
EndProject
Project("{FAE04EC0-301F-11D3-BF4B-00C04F79EFBC}") = "AzureSBLite.NetCf39", "..\azuresblite\AzureSBLite\AzureSBLite.NetCf39.csproj", "{BB9B7FF4-6502-41AF-8851-5060B67645E8}"
EndProject
Project("{FAE04EC0-301F-11D3-BF4B-00C04F79EFBC}") = "Amqp.NetMF43", "..\amqpnetlite\src\Amqp.NetMF43.csproj", "{5D8F78FC-0719-495F-9AD0-1EDD7EC9AA19}"
EndProject
Project("{FAE04EC0-301F-11D3-BF4B-00C04F79EFBC}") = "AzureSBLite.NetMf43", "..\azuresblite\AzureSBLite\AzureSBLite.NetMf43.csproj", "{0753D770-B230-4195-BA31-53B0DBCC0AD6}"
EndProject
Project("{FAE04EC0-301F-11D3-BF4B-00C04F79EFBC}") = "Scenarios.Net", "Scenarios\Net\Scenarios.Net.csproj", "{0BE9B094-6B44-4DF8-B98A-33E009D18A8B}"
EndProject
Project("{FAE04EC0-301F-11D3-BF4B-00C04F79EFBC}") = "Scenarios.NetMf43", "Scenarios\NetMf43\Scenarios.NetMf43.csproj", "{17343875-4021-4069-8753-33F9ED25654A}"
EndProject
Project("{FAE04EC0-301F-11D3-BF4B-00C04F79EFBC}") = "Amqp.Store", "..\amqpnetlite\src\Amqp.Store.csproj", "{647AAC43-DC4A-47F0-8C07-E0DA2C312B30}"
EndProject
Project("{FAE04EC0-301F-11D3-BF4B-00C04F79EFBC}") = "AzureSBLite.WinRT", "..\azuresblite\AzureSBLite\AzureSBLite.WinRT.csproj", "{BF8AE4D9-1257-43FB-A58D-8E9BB6DE099B}"
EndProject
Project("{FAE04EC0-301F-11D3-BF4B-00C04F79EFBC}") = "Scenarios.WinRT", "Scenarios\WinRT\Scenarios.WinRT.csproj", "{8D488B53-78E4-4193-BEED-213AD9B4B8DD}"
EndProject
Project("{FAE04EC0-301F-11D3-BF4B-00C04F79EFBC}") = "IoTEventHubProcessor", "IoTEventHubProcessor\IoTEventHubProcessor.csproj", "{79B03D9D-9277-4B08-B330-B096D4F40928}"
EndProject
Global
	GlobalSection(SolutionConfigurationPlatforms) = preSolution
		Debug|Any CPU = Debug|Any CPU
		Debug|ARM = Debug|ARM
		Debug|x64 = Debug|x64
		Debug|x86 = Debug|x86
		Release|Any CPU = Release|Any CPU
		Release|ARM = Release|ARM
		Release|x64 = Release|x64
		Release|x86 = Release|x86
	EndGlobalSection
	GlobalSection(ProjectConfigurationPlatforms) = postSolution
		{92153715-1D99-43B1-B291-470CF91A156D}.Debug|Any CPU.ActiveCfg = Debug|Any CPU
		{92153715-1D99-43B1-B291-470CF91A156D}.Debug|Any CPU.Build.0 = Debug|Any CPU
		{92153715-1D99-43B1-B291-470CF91A156D}.Debug|ARM.ActiveCfg = Debug|Any CPU
		{92153715-1D99-43B1-B291-470CF91A156D}.Debug|x64.ActiveCfg = Debug|Any CPU
		{92153715-1D99-43B1-B291-470CF91A156D}.Debug|x86.ActiveCfg = Debug|Any CPU
		{92153715-1D99-43B1-B291-470CF91A156D}.Release|Any CPU.ActiveCfg = Release|Any CPU
		{92153715-1D99-43B1-B291-470CF91A156D}.Release|Any CPU.Build.0 = Release|Any CPU
		{92153715-1D99-43B1-B291-470CF91A156D}.Release|ARM.ActiveCfg = Release|Any CPU
		{92153715-1D99-43B1-B291-470CF91A156D}.Release|x64.ActiveCfg = Release|Any CPU
		{92153715-1D99-43B1-B291-470CF91A156D}.Release|x86.ActiveCfg = Release|Any CPU
		{64D163D1-E433-4B60-9A43-FCFC2E92AD50}.Debug|Any CPU.ActiveCfg = Debug|Any CPU
		{64D163D1-E433-4B60-9A43-FCFC2E92AD50}.Debug|Any CPU.Build.0 = Debug|Any CPU
		{64D163D1-E433-4B60-9A43-FCFC2E92AD50}.Debug|ARM.ActiveCfg = Debug|Any CPU
		{64D163D1-E433-4B60-9A43-FCFC2E92AD50}.Debug|x64.ActiveCfg = Debug|Any CPU
		{64D163D1-E433-4B60-9A43-FCFC2E92AD50}.Debug|x86.ActiveCfg = Debug|Any CPU
		{64D163D1-E433-4B60-9A43-FCFC2E92AD50}.Release|Any CPU.ActiveCfg = Release|Any CPU
		{64D163D1-E433-4B60-9A43-FCFC2E92AD50}.Release|Any CPU.Build.0 = Release|Any CPU
		{64D163D1-E433-4B60-9A43-FCFC2E92AD50}.Release|ARM.ActiveCfg = Release|Any CPU
		{64D163D1-E433-4B60-9A43-FCFC2E92AD50}.Release|x64.ActiveCfg = Release|Any CPU
		{64D163D1-E433-4B60-9A43-FCFC2E92AD50}.Release|x86.ActiveCfg = Release|Any CPU
		{994D25B3-A2C4-4A27-A0E8-3203E954BF58}.Debug|Any CPU.ActiveCfg = Debug|Any CPU
		{994D25B3-A2C4-4A27-A0E8-3203E954BF58}.Debug|Any CPU.Build.0 = Debug|Any CPU
		{994D25B3-A2C4-4A27-A0E8-3203E954BF58}.Debug|Any CPU.Deploy.0 = Debug|Any CPU
		{994D25B3-A2C4-4A27-A0E8-3203E954BF58}.Debug|ARM.ActiveCfg = Debug|Any CPU
		{994D25B3-A2C4-4A27-A0E8-3203E954BF58}.Debug|x64.ActiveCfg = Debug|Any CPU
		{994D25B3-A2C4-4A27-A0E8-3203E954BF58}.Debug|x86.ActiveCfg = Debug|Any CPU
		{994D25B3-A2C4-4A27-A0E8-3203E954BF58}.Release|Any CPU.ActiveCfg = Release|Any CPU
		{994D25B3-A2C4-4A27-A0E8-3203E954BF58}.Release|Any CPU.Build.0 = Release|Any CPU
		{994D25B3-A2C4-4A27-A0E8-3203E954BF58}.Release|Any CPU.Deploy.0 = Release|Any CPU
		{994D25B3-A2C4-4A27-A0E8-3203E954BF58}.Release|ARM.ActiveCfg = Release|Any CPU
		{994D25B3-A2C4-4A27-A0E8-3203E954BF58}.Release|x64.ActiveCfg = Release|Any CPU
		{994D25B3-A2C4-4A27-A0E8-3203E954BF58}.Release|x86.ActiveCfg = Release|Any CPU
		{BB9B7FF4-6502-41AF-8851-5060B67645E8}.Debug|Any CPU.ActiveCfg = Debug|Any CPU
		{BB9B7FF4-6502-41AF-8851-5060B67645E8}.Debug|Any CPU.Build.0 = Debug|Any CPU
		{BB9B7FF4-6502-41AF-8851-5060B67645E8}.Debug|Any CPU.Deploy.0 = Debug|Any CPU
		{BB9B7FF4-6502-41AF-8851-5060B67645E8}.Debug|ARM.ActiveCfg = Debug|Any CPU
		{BB9B7FF4-6502-41AF-8851-5060B67645E8}.Debug|x64.ActiveCfg = Debug|Any CPU
		{BB9B7FF4-6502-41AF-8851-5060B67645E8}.Debug|x86.ActiveCfg = Debug|Any CPU
		{BB9B7FF4-6502-41AF-8851-5060B67645E8}.Release|Any CPU.ActiveCfg = Release|Any CPU
		{BB9B7FF4-6502-41AF-8851-5060B67645E8}.Release|Any CPU.Build.0 = Release|Any CPU
		{BB9B7FF4-6502-41AF-8851-5060B67645E8}.Release|Any CPU.Deploy.0 = Release|Any CPU
		{BB9B7FF4-6502-41AF-8851-5060B67645E8}.Release|ARM.ActiveCfg = Release|Any CPU
		{BB9B7FF4-6502-41AF-8851-5060B67645E8}.Release|x64.ActiveCfg = Release|Any CPU
		{BB9B7FF4-6502-41AF-8851-5060B67645E8}.Release|x86.ActiveCfg = Release|Any CPU
		{5D8F78FC-0719-495F-9AD0-1EDD7EC9AA19}.Debug|Any CPU.ActiveCfg = Debug|Any CPU
		{5D8F78FC-0719-495F-9AD0-1EDD7EC9AA19}.Debug|Any CPU.Build.0 = Debug|Any CPU
		{5D8F78FC-0719-495F-9AD0-1EDD7EC9AA19}.Debug|ARM.ActiveCfg = Debug|Any CPU
		{5D8F78FC-0719-495F-9AD0-1EDD7EC9AA19}.Debug|x64.ActiveCfg = Debug|Any CPU
		{5D8F78FC-0719-495F-9AD0-1EDD7EC9AA19}.Debug|x86.ActiveCfg = Debug|Any CPU
		{5D8F78FC-0719-495F-9AD0-1EDD7EC9AA19}.Release|Any CPU.ActiveCfg = Release|Any CPU
		{5D8F78FC-0719-495F-9AD0-1EDD7EC9AA19}.Release|Any CPU.Build.0 = Release|Any CPU
		{5D8F78FC-0719-495F-9AD0-1EDD7EC9AA19}.Release|ARM.ActiveCfg = Release|Any CPU
		{5D8F78FC-0719-495F-9AD0-1EDD7EC9AA19}.Release|x64.ActiveCfg = Release|Any CPU
		{5D8F78FC-0719-495F-9AD0-1EDD7EC9AA19}.Release|x86.ActiveCfg = Release|Any CPU
		{0753D770-B230-4195-BA31-53B0DBCC0AD6}.Debug|Any CPU.ActiveCfg = Debug|Any CPU
		{0753D770-B230-4195-BA31-53B0DBCC0AD6}.Debug|Any CPU.Build.0 = Debug|Any CPU
		{0753D770-B230-4195-BA31-53B0DBCC0AD6}.Debug|ARM.ActiveCfg = Debug|Any CPU
		{0753D770-B230-4195-BA31-53B0DBCC0AD6}.Debug|x64.ActiveCfg = Debug|Any CPU
		{0753D770-B230-4195-BA31-53B0DBCC0AD6}.Debug|x86.ActiveCfg = Debug|Any CPU
		{0753D770-B230-4195-BA31-53B0DBCC0AD6}.Release|Any CPU.ActiveCfg = Release|Any CPU
		{0753D770-B230-4195-BA31-53B0DBCC0AD6}.Release|Any CPU.Build.0 = Release|Any CPU
		{0753D770-B230-4195-BA31-53B0DBCC0AD6}.Release|ARM.ActiveCfg = Release|Any CPU
		{0753D770-B230-4195-BA31-53B0DBCC0AD6}.Release|x64.ActiveCfg = Release|Any CPU
		{0753D770-B230-4195-BA31-53B0DBCC0AD6}.Release|x86.ActiveCfg = Release|Any CPU
		{0BE9B094-6B44-4DF8-B98A-33E009D18A8B}.Debug|Any CPU.ActiveCfg = Debug|Any CPU
		{0BE9B094-6B44-4DF8-B98A-33E009D18A8B}.Debug|Any CPU.Build.0 = Debug|Any CPU
		{0BE9B094-6B44-4DF8-B98A-33E009D18A8B}.Debug|ARM.ActiveCfg = Debug|Any CPU
		{0BE9B094-6B44-4DF8-B98A-33E009D18A8B}.Debug|x64.ActiveCfg = Debug|Any CPU
		{0BE9B094-6B44-4DF8-B98A-33E009D18A8B}.Debug|x86.ActiveCfg = Debug|Any CPU
		{0BE9B094-6B44-4DF8-B98A-33E009D18A8B}.Release|Any CPU.ActiveCfg = Release|Any CPU
		{0BE9B094-6B44-4DF8-B98A-33E009D18A8B}.Release|Any CPU.Build.0 = Release|Any CPU
		{0BE9B094-6B44-4DF8-B98A-33E009D18A8B}.Release|ARM.ActiveCfg = Release|Any CPU
		{0BE9B094-6B44-4DF8-B98A-33E009D18A8B}.Release|x64.ActiveCfg = Release|Any CPU
		{0BE9B094-6B44-4DF8-B98A-33E009D18A8B}.Release|x86.ActiveCfg = Release|Any CPU
		{17343875-4021-4069-8753-33F9ED25654A}.Debug|Any CPU.ActiveCfg = Debug|Any CPU
		{17343875-4021-4069-8753-33F9ED25654A}.Debug|Any CPU.Build.0 = Debug|Any CPU
		{17343875-4021-4069-8753-33F9ED25654A}.Debug|Any CPU.Deploy.0 = Debug|Any CPU
		{17343875-4021-4069-8753-33F9ED25654A}.Debug|ARM.ActiveCfg = Debug|Any CPU
		{17343875-4021-4069-8753-33F9ED25654A}.Debug|x64.ActiveCfg = Debug|Any CPU
		{17343875-4021-4069-8753-33F9ED25654A}.Debug|x86.ActiveCfg = Debug|Any CPU
		{17343875-4021-4069-8753-33F9ED25654A}.Release|Any CPU.ActiveCfg = Release|Any CPU
		{17343875-4021-4069-8753-33F9ED25654A}.Release|Any CPU.Build.0 = Release|Any CPU
		{17343875-4021-4069-8753-33F9ED25654A}.Release|Any CPU.Deploy.0 = Release|Any CPU
		{17343875-4021-4069-8753-33F9ED25654A}.Release|ARM.ActiveCfg = Release|Any CPU
		{17343875-4021-4069-8753-33F9ED25654A}.Release|x64.ActiveCfg = Release|Any CPU
		{17343875-4021-4069-8753-33F9ED25654A}.Release|x86.ActiveCfg = Release|Any CPU
		{647AAC43-DC4A-47F0-8C07-E0DA2C312B30}.Debug|Any CPU.ActiveCfg = Debug|Any CPU
		{647AAC43-DC4A-47F0-8C07-E0DA2C312B30}.Debug|Any CPU.Build.0 = Debug|Any CPU
		{647AAC43-DC4A-47F0-8C07-E0DA2C312B30}.Debug|ARM.ActiveCfg = Debug|ARM
		{647AAC43-DC4A-47F0-8C07-E0DA2C312B30}.Debug|ARM.Build.0 = Debug|ARM
		{647AAC43-DC4A-47F0-8C07-E0DA2C312B30}.Debug|x64.ActiveCfg = Debug|x64
		{647AAC43-DC4A-47F0-8C07-E0DA2C312B30}.Debug|x64.Build.0 = Debug|x64
		{647AAC43-DC4A-47F0-8C07-E0DA2C312B30}.Debug|x86.ActiveCfg = Debug|x86
		{647AAC43-DC4A-47F0-8C07-E0DA2C312B30}.Debug|x86.Build.0 = Debug|x86
		{647AAC43-DC4A-47F0-8C07-E0DA2C312B30}.Release|Any CPU.ActiveCfg = Release|Any CPU
		{647AAC43-DC4A-47F0-8C07-E0DA2C312B30}.Release|Any CPU.Build.0 = Release|Any CPU
		{647AAC43-DC4A-47F0-8C07-E0DA2C312B30}.Release|ARM.ActiveCfg = Release|ARM
		{647AAC43-DC4A-47F0-8C07-E0DA2C312B30}.Release|ARM.Build.0 = Release|ARM
		{647AAC43-DC4A-47F0-8C07-E0DA2C312B30}.Release|x64.ActiveCfg = Release|x64
		{647AAC43-DC4A-47F0-8C07-E0DA2C312B30}.Release|x64.Build.0 = Release|x64
		{647AAC43-DC4A-47F0-8C07-E0DA2C312B30}.Release|x86.ActiveCfg = Release|x86
		{647AAC43-DC4A-47F0-8C07-E0DA2C312B30}.Release|x86.Build.0 = Release|x86
		{BF8AE4D9-1257-43FB-A58D-8E9BB6DE099B}.Debug|Any CPU.ActiveCfg = Debug|Any CPU
		{BF8AE4D9-1257-43FB-A58D-8E9BB6DE099B}.Debug|Any CPU.Build.0 = Debug|Any CPU
		{BF8AE4D9-1257-43FB-A58D-8E9BB6DE099B}.Debug|ARM.ActiveCfg = Debug|ARM
		{BF8AE4D9-1257-43FB-A58D-8E9BB6DE099B}.Debug|ARM.Build.0 = Debug|ARM
		{BF8AE4D9-1257-43FB-A58D-8E9BB6DE099B}.Debug|x64.ActiveCfg = Debug|x64
		{BF8AE4D9-1257-43FB-A58D-8E9BB6DE099B}.Debug|x64.Build.0 = Debug|x64
		{BF8AE4D9-1257-43FB-A58D-8E9BB6DE099B}.Debug|x86.ActiveCfg = Debug|x86
		{BF8AE4D9-1257-43FB-A58D-8E9BB6DE099B}.Debug|x86.Build.0 = Debug|x86
		{BF8AE4D9-1257-43FB-A58D-8E9BB6DE099B}.Release|Any CPU.ActiveCfg = Release|Any CPU
		{BF8AE4D9-1257-43FB-A58D-8E9BB6DE099B}.Release|Any CPU.Build.0 = Release|Any CPU
		{BF8AE4D9-1257-43FB-A58D-8E9BB6DE099B}.Release|ARM.ActiveCfg = Release|ARM
		{BF8AE4D9-1257-43FB-A58D-8E9BB6DE099B}.Release|ARM.Build.0 = Release|ARM
		{BF8AE4D9-1257-43FB-A58D-8E9BB6DE099B}.Release|x64.ActiveCfg = Release|x64
		{BF8AE4D9-1257-43FB-A58D-8E9BB6DE099B}.Release|x64.Build.0 = Release|x64
		{BF8AE4D9-1257-43FB-A58D-8E9BB6DE099B}.Release|x86.ActiveCfg = Release|x86
		{BF8AE4D9-1257-43FB-A58D-8E9BB6DE099B}.Release|x86.Build.0 = Release|x86
		{8D488B53-78E4-4193-BEED-213AD9B4B8DD}.Debug|Any CPU.ActiveCfg = Debug|Any CPU
		{8D488B53-78E4-4193-BEED-213AD9B4B8DD}.Debug|Any CPU.Build.0 = Debug|Any CPU
		{8D488B53-78E4-4193-BEED-213AD9B4B8DD}.Debug|Any CPU.Deploy.0 = Debug|Any CPU
		{8D488B53-78E4-4193-BEED-213AD9B4B8DD}.Debug|ARM.ActiveCfg = Debug|ARM
		{8D488B53-78E4-4193-BEED-213AD9B4B8DD}.Debug|ARM.Build.0 = Debug|ARM
		{8D488B53-78E4-4193-BEED-213AD9B4B8DD}.Debug|ARM.Deploy.0 = Debug|ARM
		{8D488B53-78E4-4193-BEED-213AD9B4B8DD}.Debug|x64.ActiveCfg = Debug|x64
		{8D488B53-78E4-4193-BEED-213AD9B4B8DD}.Debug|x64.Build.0 = Debug|x64
		{8D488B53-78E4-4193-BEED-213AD9B4B8DD}.Debug|x64.Deploy.0 = Debug|x64
		{8D488B53-78E4-4193-BEED-213AD9B4B8DD}.Debug|x86.ActiveCfg = Debug|x86
		{8D488B53-78E4-4193-BEED-213AD9B4B8DD}.Debug|x86.Build.0 = Debug|x86
		{8D488B53-78E4-4193-BEED-213AD9B4B8DD}.Debug|x86.Deploy.0 = Debug|x86
		{8D488B53-78E4-4193-BEED-213AD9B4B8DD}.Release|Any CPU.ActiveCfg = Release|Any CPU
		{8D488B53-78E4-4193-BEED-213AD9B4B8DD}.Release|Any CPU.Build.0 = Release|Any CPU
		{8D488B53-78E4-4193-BEED-213AD9B4B8DD}.Release|Any CPU.Deploy.0 = Release|Any CPU
		{8D488B53-78E4-4193-BEED-213AD9B4B8DD}.Release|ARM.ActiveCfg = Release|ARM
		{8D488B53-78E4-4193-BEED-213AD9B4B8DD}.Release|ARM.Build.0 = Release|ARM
		{8D488B53-78E4-4193-BEED-213AD9B4B8DD}.Release|ARM.Deploy.0 = Release|ARM
		{8D488B53-78E4-4193-BEED-213AD9B4B8DD}.Release|x64.ActiveCfg = Release|x64
		{8D488B53-78E4-4193-BEED-213AD9B4B8DD}.Release|x64.Build.0 = Release|x64
		{8D488B53-78E4-4193-BEED-213AD9B4B8DD}.Release|x64.Deploy.0 = Release|x64
		{8D488B53-78E4-4193-BEED-213AD9B4B8DD}.Release|x86.ActiveCfg = Release|x86
		{8D488B53-78E4-4193-BEED-213AD9B4B8DD}.Release|x86.Build.0 = Release|x86
		{8D488B53-78E4-4193-BEED-213AD9B4B8DD}.Release|x86.Deploy.0 = Release|x86
		{79B03D9D-9277-4B08-B330-B096D4F40928}.Debug|Any CPU.ActiveCfg = Debug|Any CPU
		{79B03D9D-9277-4B08-B330-B096D4F40928}.Debug|Any CPU.Build.0 = Debug|Any CPU
		{79B03D9D-9277-4B08-B330-B096D4F40928}.Debug|ARM.ActiveCfg = Debug|Any CPU
		{79B03D9D-9277-4B08-B330-B096D4F40928}.Debug|x64.ActiveCfg = Debug|Any CPU
		{79B03D9D-9277-4B08-B330-B096D4F40928}.Debug|x86.ActiveCfg = Debug|Any CPU
		{79B03D9D-9277-4B08-B330-B096D4F40928}.Release|Any CPU.ActiveCfg = Release|Any CPU
		{79B03D9D-9277-4B08-B330-B096D4F40928}.Release|Any CPU.Build.0 = Release|Any CPU
		{79B03D9D-9277-4B08-B330-B096D4F40928}.Release|ARM.ActiveCfg = Release|Any CPU
		{79B03D9D-9277-4B08-B330-B096D4F40928}.Release|x64.ActiveCfg = Release|Any CPU
		{79B03D9D-9277-4B08-B330-B096D4F40928}.Release|x86.ActiveCfg = Release|Any CPU
	EndGlobalSection
	GlobalSection(SolutionProperties) = preSolution
		HideSolutionNode = FALSE
	EndGlobalSection
EndGlobal
